// !$*UTF8*$!
{
	archiveVersion = 1;
	classes = {
	};
	objectVersion = 56;
	objects = {

/* Begin PBXBuildFile section */
		A24A6AA62A62AFEF00A55725 /* AppDelegate.swift in Sources */ = {isa = PBXBuildFile; fileRef = A24A6AA52A62AFEF00A55725 /* AppDelegate.swift */; };
		A24A6AA82A62AFEF00A55725 /* SceneDelegate.swift in Sources */ = {isa = PBXBuildFile; fileRef = A24A6AA72A62AFEF00A55725 /* SceneDelegate.swift */; };
		A24A6AAA2A62AFEF00A55725 /* ViewController.swift in Sources */ = {isa = PBXBuildFile; fileRef = A24A6AA92A62AFEF00A55725 /* ViewController.swift */; };
		A24A6AAF2A62AFEF00A55725 /* Assets.xcassets in Resources */ = {isa = PBXBuildFile; fileRef = A24A6AAE2A62AFEF00A55725 /* Assets.xcassets */; };
		A24A6AB22A62AFEF00A55725 /* LaunchScreen.storyboard in Resources */ = {isa = PBXBuildFile; fileRef = A24A6AB02A62AFEF00A55725 /* LaunchScreen.storyboard */; };
		A24A6ABC2A62BBA400A55725 /* PopoverViewController.swift in Sources */ = {isa = PBXBuildFile; fileRef = A24A6ABB2A62BBA400A55725 /* PopoverViewController.swift */; };
		A24A6ABE2A62C9B000A55725 /* UIButton+Extension.swift in Sources */ = {isa = PBXBuildFile; fileRef = A24A6ABD2A62C9B000A55725 /* UIButton+Extension.swift */; };
/* End PBXBuildFile section */

/* Begin PBXFileReference section */
		A24A6AA22A62AFEF00A55725 /* compactcontroller.app */ = {isa = PBXFileReference; explicitFileType = wrapper.application; includeInIndex = 0; path = compactcontroller.app; sourceTree = BUILT_PRODUCTS_DIR; };
		A24A6AA52A62AFEF00A55725 /* AppDelegate.swift */ = {isa = PBXFileReference; lastKnownFileType = sourcecode.swift; path = AppDelegate.swift; sourceTree = "<group>"; };
		A24A6AA72A62AFEF00A55725 /* SceneDelegate.swift */ = {isa = PBXFileReference; lastKnownFileType = sourcecode.swift; path = SceneDelegate.swift; sourceTree = "<group>"; };
		A24A6AA92A62AFEF00A55725 /* ViewController.swift */ = {isa = PBXFileReference; lastKnownFileType = sourcecode.swift; path = ViewController.swift; sourceTree = "<group>"; };
		A24A6AAE2A62AFEF00A55725 /* Assets.xcassets */ = {isa = PBXFileReference; lastKnownFileType = folder.assetcatalog; path = Assets.xcassets; sourceTree = "<group>"; };
		A24A6AB12A62AFEF00A55725 /* Base */ = {isa = PBXFileReference; lastKnownFileType = file.storyboard; name = Base; path = Base.lproj/LaunchScreen.storyboard; sourceTree = "<group>"; };
		A24A6AB32A62AFEF00A55725 /* Info.plist */ = {isa = PBXFileReference; lastKnownFileType = text.plist.xml; path = Info.plist; sourceTree = "<group>"; };
		A24A6ABB2A62BBA400A55725 /* PopoverViewController.swift */ = {isa = PBXFileReference; lastKnownFileType = sourcecode.swift; path = PopoverViewController.swift; sourceTree = "<group>"; };
		A24A6ABD2A62C9B000A55725 /* UIButton+Extension.swift */ = {isa = PBXFileReference; lastKnownFileType = sourcecode.swift; path = "UIButton+Extension.swift"; sourceTree = "<group>"; };
/* End PBXFileReference section */

/* Begin PBXFrameworksBuildPhase section */
		A24A6A9F2A62AFEF00A55725 /* Frameworks */ = {
			isa = PBXFrameworksBuildPhase;
			buildActionMask = 2147483647;
			files = (
			);
			runOnlyForDeploymentPostprocessing = 0;
		};
/* End PBXFrameworksBuildPhase section */

/* Begin PBXGroup section */
		A24A6A992A62AFEF00A55725 = {
			isa = PBXGroup;
			children = (
				A24A6AA42A62AFEF00A55725 /* compactcontroller */,
				A24A6AA32A62AFEF00A55725 /* Products */,
			);
			sourceTree = "<group>";
		};
		A24A6AA32A62AFEF00A55725 /* Products */ = {
			isa = PBXGroup;
			children = (
				A24A6AA22A62AFEF00A55725 /* compactcontroller.app */,
			);
			name = Products;
			sourceTree = "<group>";
		};
		A24A6AA42A62AFEF00A55725 /* compactcontroller */ = {
			isa = PBXGroup;
			children = (
				A24A6ABA2A62B04200A55725 /* AppDelegate */,
				A24A6AA92A62AFEF00A55725 /* ViewController.swift */,
				A24A6ABD2A62C9B000A55725 /* UIButton+Extension.swift */,
				A24A6ABB2A62BBA400A55725 /* PopoverViewController.swift */,
				A24A6AB92A62B03700A55725 /* Supporting Files */,
			);
			path = compactcontroller;
			sourceTree = "<group>";
		};
		A24A6AB92A62B03700A55725 /* Supporting Files */ = {
			isa = PBXGroup;
			children = (
				A24A6AAE2A62AFEF00A55725 /* Assets.xcassets */,
				A24A6AB02A62AFEF00A55725 /* LaunchScreen.storyboard */,
				A24A6AB32A62AFEF00A55725 /* Info.plist */,
			);
			path = "Supporting Files";
			sourceTree = "<group>";
		};
		A24A6ABA2A62B04200A55725 /* AppDelegate */ = {
			isa = PBXGroup;
			children = (
				A24A6AA52A62AFEF00A55725 /* AppDelegate.swift */,
				A24A6AA72A62AFEF00A55725 /* SceneDelegate.swift */,
			);
			path = AppDelegate;
			sourceTree = "<group>";
		};
/* End PBXGroup section */

/* Begin PBXNativeTarget section */
		A24A6AA12A62AFEF00A55725 /* compactcontroller */ = {
			isa = PBXNativeTarget;
			buildConfigurationList = A24A6AB62A62AFEF00A55725 /* Build configuration list for PBXNativeTarget "compactcontroller" */;
			buildPhases = (
				A24A6A9E2A62AFEF00A55725 /* Sources */,
				A24A6A9F2A62AFEF00A55725 /* Frameworks */,
				A24A6AA02A62AFEF00A55725 /* Resources */,
			);
			buildRules = (
			);
			dependencies = (
			);
			name = compactcontroller;
			productName = compactcontroller;
			productReference = A24A6AA22A62AFEF00A55725 /* compactcontroller.app */;
			productType = "com.apple.product-type.application";
		};
/* End PBXNativeTarget section */

/* Begin PBXProject section */
		A24A6A9A2A62AFEF00A55725 /* Project object */ = {
			isa = PBXProject;
			attributes = {
				BuildIndependentTargetsInParallel = 1;
				LastSwiftUpdateCheck = 1430;
				LastUpgradeCheck = 1430;
				TargetAttributes = {
					A24A6AA12A62AFEF00A55725 = {
						CreatedOnToolsVersion = 14.3.1;
					};
				};
			};
			buildConfigurationList = A24A6A9D2A62AFEF00A55725 /* Build configuration list for PBXProject "compactcontroller" */;
			compatibilityVersion = "Xcode 14.0";
			developmentRegion = en;
			hasScannedForEncodings = 0;
			knownRegions = (
				en,
				Base,
			);
			mainGroup = A24A6A992A62AFEF00A55725;
			productRefGroup = A24A6AA32A62AFEF00A55725 /* Products */;
			projectDirPath = "";
			projectRoot = "";
			targets = (
				A24A6AA12A62AFEF00A55725 /* compactcontroller */,
			);
		};
/* End PBXProject section */

/* Begin PBXResourcesBuildPhase section */
		A24A6AA02A62AFEF00A55725 /* Resources */ = {
			isa = PBXResourcesBuildPhase;
			buildActionMask = 2147483647;
			files = (
				A24A6AB22A62AFEF00A55725 /* LaunchScreen.storyboard in Resources */,
				A24A6AAF2A62AFEF00A55725 /* Assets.xcassets in Resources */,
			);
			runOnlyForDeploymentPostprocessing = 0;
		};
/* End PBXResourcesBuildPhase section */

/* Begin PBXSourcesBuildPhase section */
		A24A6A9E2A62AFEF00A55725 /* Sources */ = {
			isa = PBXSourcesBuildPhase;
			buildActionMask = 2147483647;
			files = (
				A24A6ABC2A62BBA400A55725 /* PopoverViewController.swift in Sources */,
				A24A6AAA2A62AFEF00A55725 /* ViewController.swift in Sources */,
				A24A6AA62A62AFEF00A55725 /* AppDelegate.swift in Sources */,
				A24A6ABE2A62C9B000A55725 /* UIButton+Extension.swift in Sources */,
				A24A6AA82A62AFEF00A55725 /* SceneDelegate.swift in Sources */,
			);
			runOnlyForDeploymentPostprocessing = 0;
		};
/* End PBXSourcesBuildPhase section */

/* Begin PBXVariantGroup section */
		A24A6AB02A62AFEF00A55725 /* LaunchScreen.storyboard */ = {
			isa = PBXVariantGroup;
			children = (
				A24A6AB12A62AFEF00A55725 /* Base */,
			);
			name = LaunchScreen.storyboard;
			sourceTree = "<group>";
		};
/* End PBXVariantGroup section */

/* Begin XCBuildConfiguration section */
		A24A6AB42A62AFEF00A55725 /* Debug */ = {
			isa = XCBuildConfiguration;
			buildSettings = {
				ALWAYS_SEARCH_USER_PATHS = NO;
				CLANG_ANALYZER_NONNULL = YES;
				CLANG_ANALYZER_NUMBER_OBJECT_CONVERSION = YES_AGGRESSIVE;
				CLANG_CXX_LANGUAGE_STANDARD = "gnu++20";
				CLANG_ENABLE_MODULES = YES;
				CLANG_ENABLE_OBJC_ARC = YES;
				CLANG_ENABLE_OBJC_WEAK = YES;
				CLANG_WARN_BLOCK_CAPTURE_AUTORELEASING = YES;
				CLANG_WARN_BOOL_CONVERSION = YES;
				CLANG_WARN_COMMA = YES;
				CLANG_WARN_CONSTANT_CONVERSION = YES;
				CLANG_WARN_DEPRECATED_OBJC_IMPLEMENTATIONS = YES;
				CLANG_WARN_DIRECT_OBJC_ISA_USAGE = YES_ERROR;
				CLANG_WARN_DOCUMENTATION_COMMENTS = YES;
				CLANG_WARN_EMPTY_BODY = YES;
				CLANG_WARN_ENUM_CONVERSION = YES;
				CLANG_WARN_INFINITE_RECURSION = YES;
				CLANG_WARN_INT_CONVERSION = YES;
				CLANG_WARN_NON_LITERAL_NULL_CONVERSION = YES;
				CLANG_WARN_OBJC_IMPLICIT_RETAIN_SELF = YES;
				CLANG_WARN_OBJC_LITERAL_CONVERSION = YES;
				CLANG_WARN_OBJC_ROOT_CLASS = YES_ERROR;
				CLANG_WARN_QUOTED_INCLUDE_IN_FRAMEWORK_HEADER = YES;
				CLANG_WARN_RANGE_LOOP_ANALYSIS = YES;
				CLANG_WARN_STRICT_PROTOTYPES = YES;
				CLANG_WARN_SUSPICIOUS_MOVE = YES;
				CLANG_WARN_UNGUARDED_AVAILABILITY = YES_AGGRESSIVE;
				CLANG_WARN_UNREACHABLE_CODE = YES;
				CLANG_WARN__DUPLICATE_METHOD_MATCH = YES;
				COPY_PHASE_STRIP = NO;
				DEBUG_INFORMATION_FORMAT = dwarf;
				ENABLE_STRICT_OBJC_MSGSEND = YES;
				ENABLE_TESTABILITY = YES;
				GCC_C_LANGUAGE_STANDARD = gnu11;
				GCC_DYNAMIC_NO_PIC = NO;
				GCC_NO_COMMON_BLOCKS = YES;
				GCC_OPTIMIZATION_LEVEL = 0;
				GCC_PREPROCESSOR_DEFINITIONS = (
					"DEBUG=1",
					"$(inherited)",
				);
				GCC_WARN_64_TO_32_BIT_CONVERSION = YES;
				GCC_WARN_ABOUT_RETURN_TYPE = YES_ERROR;
				GCC_WARN_UNDECLARED_SELECTOR = YES;
				GCC_WARN_UNINITIALIZED_AUTOS = YES_AGGRESSIVE;
				GCC_WARN_UNUSED_FUNCTION = YES;
				GCC_WARN_UNUSED_VARIABLE = YES;
				IPHONEOS_DEPLOYMENT_TARGET = 16.0;
				MTL_ENABLE_DEBUG_INFO = INCLUDE_SOURCE;
				MTL_FAST_MATH = YES;
				ONLY_ACTIVE_ARCH = YES;
				SDKROOT = iphoneos;
				SWIFT_ACTIVE_COMPILATION_CONDITIONS = DEBUG;
				SWIFT_OPTIMIZATION_LEVEL = "-Onone";
			};
			name = Debug;
		};
		A24A6AB52A62AFEF00A55725 /* Release */ = {
			isa = XCBuildConfiguration;
			buildSettings = {
				ALWAYS_SEARCH_USER_PATHS = NO;
				CLANG_ANALYZER_NONNULL = YES;
				CLANG_ANALYZER_NUMBER_OBJECT_CONVERSION = YES_AGGRESSIVE;
				CLANG_CXX_LANGUAGE_STANDARD = "gnu++20";
				CLANG_ENABLE_MODULES = YES;
				CLANG_ENABLE_OBJC_ARC = YES;
				CLANG_ENABLE_OBJC_WEAK = YES;
				CLANG_WARN_BLOCK_CAPTURE_AUTORELEASING = YES;
				CLANG_WARN_BOOL_CONVERSION = YES;
				CLANG_WARN_COMMA = YES;
				CLANG_WARN_CONSTANT_CONVERSION = YES;
				CLANG_WARN_DEPRECATED_OBJC_IMPLEMENTATIONS = YES;
				CLANG_WARN_DIRECT_OBJC_ISA_USAGE = YES_ERROR;
				CLANG_WARN_DOCUMENTATION_COMMENTS = YES;
				CLANG_WARN_EMPTY_BODY = YES;
				CLANG_WARN_ENUM_CONVERSION = YES;
				CLANG_WARN_INFINITE_RECURSION = YES;
				CLANG_WARN_INT_CONVERSION = YES;
				CLANG_WARN_NON_LITERAL_NULL_CONVERSION = YES;
				CLANG_WARN_OBJC_IMPLICIT_RETAIN_SELF = YES;
				CLANG_WARN_OBJC_LITERAL_CONVERSION = YES;
				CLANG_WARN_OBJC_ROOT_CLASS = YES_ERROR;
				CLANG_WARN_QUOTED_INCLUDE_IN_FRAMEWORK_HEADER = YES;
				CLANG_WARN_RANGE_LOOP_ANALYSIS = YES;
				CLANG_WARN_STRICT_PROTOTYPES = YES;
				CLANG_WARN_SUSPICIOUS_MOVE = YES;
				CLANG_WARN_UNGUARDED_AVAILABILITY = YES_AGGRESSIVE;
				CLANG_WARN_UNREACHABLE_CODE = YES;
				CLANG_WARN__DUPLICATE_METHOD_MATCH = YES;
				COPY_PHASE_STRIP = NO;
				DEBUG_INFORMATION_FORMAT = "dwarf-with-dsym";
				ENABLE_NS_ASSERTIONS = NO;
				ENABLE_STRICT_OBJC_MSGSEND = YES;
				GCC_C_LANGUAGE_STANDARD = gnu11;
				GCC_NO_COMMON_BLOCKS = YES;
				GCC_WARN_64_TO_32_BIT_CONVERSION = YES;
				GCC_WARN_ABOUT_RETURN_TYPE = YES_ERROR;
				GCC_WARN_UNDECLARED_SELECTOR = YES;
				GCC_WARN_UNINITIALIZED_AUTOS = YES_AGGRESSIVE;
				GCC_WARN_UNUSED_FUNCTION = YES;
				GCC_WARN_UNUSED_VARIABLE = YES;
				IPHONEOS_DEPLOYMENT_TARGET = 16.0;
				MTL_ENABLE_DEBUG_INFO = NO;
				MTL_FAST_MATH = YES;
				SDKROOT = iphoneos;
				SWIFT_COMPILATION_MODE = wholemodule;
				SWIFT_OPTIMIZATION_LEVEL = "-O";
				VALIDATE_PRODUCT = YES;
			};
			name = Release;
		};
		A24A6AB72A62AFEF00A55725 /* Debug */ = {
			isa = XCBuildConfiguration;
			buildSettings = {
				ASSETCATALOG_COMPILER_APPICON_NAME = AppIcon;
				ASSETCATALOG_COMPILER_GLOBAL_ACCENT_COLOR_NAME = AccentColor;
				CODE_SIGN_STYLE = Automatic;
				CURRENT_PROJECT_VERSION = 1;
				DEVELOPMENT_TEAM = GQ92PTQY7M;
				GENERATE_INFOPLIST_FILE = YES;
				INFOPLIST_FILE = "compactcontroller/Supporting Files/Info.plist";
				INFOPLIST_KEY_UIApplicationSupportsIndirectInputEvents = YES;
				INFOPLIST_KEY_UILaunchStoryboardName = LaunchScreen;
				INFOPLIST_KEY_UISupportedInterfaceOrientations_iPad = "UIInterfaceOrientationPortrait UIInterfaceOrientationPortraitUpsideDown UIInterfaceOrientationLandscapeLeft UIInterfaceOrientationLandscapeRight";
				INFOPLIST_KEY_UISupportedInterfaceOrientations_iPhone = "UIInterfaceOrientationPortrait UIInterfaceOrientationLandscapeLeft UIInterfaceOrientationLandscapeRight";
				LD_RUNPATH_SEARCH_PATHS = (
					"$(inherited)",
					"@executable_path/Frameworks",
				);
				MARKETING_VERSION = 1.0;
				PRODUCT_BUNDLE_IDENTIFIER = marathon.uikit.compactcontroller;
				PRODUCT_NAME = "$(TARGET_NAME)";
				SUPPORTED_PLATFORMS = "iphoneos iphonesimulator";
				SUPPORTS_MACCATALYST = NO;
				SUPPORTS_MAC_DESIGNED_FOR_IPHONE_IPAD = NO;
				SWIFT_EMIT_LOC_STRINGS = YES;
				SWIFT_VERSION = 5.0;
				TARGETED_DEVICE_FAMILY = 1;
			};
			name = Debug;
		};
		A24A6AB82A62AFEF00A55725 /* Release */ = {
			isa = XCBuildConfiguration;
			buildSettings = {
				ASSETCATALOG_COMPILER_APPICON_NAME = AppIcon;
				ASSETCATALOG_COMPILER_GLOBAL_ACCENT_COLOR_NAME = AccentColor;
				CODE_SIGN_STYLE = Automatic;
				CURRENT_PROJECT_VERSION = 1;
				DEVELOPMENT_TEAM = GQ92PTQY7M;
				GENERATE_INFOPLIST_FILE = YES;
				INFOPLIST_FILE = "compactcontroller/Supporting Files/Info.plist";
				INFOPLIST_KEY_UIApplicationSupportsIndirectInputEvents = YES;
				INFOPLIST_KEY_UILaunchStoryboardName = LaunchScreen;
				INFOPLIST_KEY_UISupportedInterfaceOrientations_iPad = "UIInterfaceOrientationPortrait UIInterfaceOrientationPortraitUpsideDown UIInterfaceOrientationLandscapeLeft UIInterfaceOrientationLandscapeRight";
				INFOPLIST_KEY_UISupportedInterfaceOrientations_iPhone = "UIInterfaceOrientationPortrait UIInterfaceOrientationLandscapeLeft UIInterfaceOrientationLandscapeRight";
				LD_RUNPATH_SEARCH_PATHS = (
					"$(inherited)",
					"@executable_path/Frameworks",
				);
				MARKETING_VERSION = 1.0;
				PRODUCT_BUNDLE_IDENTIFIER = marathon.uikit.compactcontroller;
				PRODUCT_NAME = "$(TARGET_NAME)";
				SUPPORTED_PLATFORMS = "iphoneos iphonesimulator";
				SUPPORTS_MACCATALYST = NO;
				SUPPORTS_MAC_DESIGNED_FOR_IPHONE_IPAD = NO;
				SWIFT_EMIT_LOC_STRINGS = YES;
				SWIFT_VERSION = 5.0;
				TARGETED_DEVICE_FAMILY = 1;
			};
			name = Release;
		};
/* End XCBuildConfiguration section */

/* Begin XCConfigurationList section */
		A24A6A9D2A62AFEF00A55725 /* Build configuration list for PBXProject "compactcontroller" */ = {
			isa = XCConfigurationList;
			buildConfigurations = (
				A24A6AB42A62AFEF00A55725 /* Debug */,
				A24A6AB52A62AFEF00A55725 /* Release */,
			);
			defaultConfigurationIsVisible = 0;
			defaultConfigurationName = Release;
		};
		A24A6AB62A62AFEF00A55725 /* Build configuration list for PBXNativeTarget "compactcontroller" */ = {
			isa = XCConfigurationList;
			buildConfigurations = (
				A24A6AB72A62AFEF00A55725 /* Debug */,
				A24A6AB82A62AFEF00A55725 /* Release */,
			);
			defaultConfigurationIsVisible = 0;
			defaultConfigurationName = Release;
		};
/* End XCConfigurationList section */
	};
	rootObject = A24A6A9A2A62AFEF00A55725 /* Project object */;
}
